
Microsoft Visual Studio Solution File, Format Version 12.00
# Visual Studio 15
VisualStudioVersion = 15.0.25807.0
MinimumVisualStudioVersion = 10.0.40219.1
Project("{2150E333-8FDC-42A3-9474-1A3956D46DE8}") = "Engine", "Engine", "{A6ABE68F-BEF7-4DA4-B4F9-5ACB606704F5}"
EndProject
Project("{2150E333-8FDC-42A3-9474-1A3956D46DE8}") = "Games", "Games", "{6AE7E90C-AD72-4334-B0F5-89AEC5874367}"
EndProject
Project("{8BC9CEB8-8B4A-11D0-8D11-00A0C91BC942}") = "UE4", "Intermediate\ProjectFiles\UE4.vcxproj", "{F6CA2ADE-503E-4BB5-AC41-EF6DB8416BFD}"
EndProject
Project("{8BC9CEB8-8B4A-11D0-8D11-00A0C91BC942}") = "ArchitectureExplorer", "Intermediate\ProjectFiles\ArchitectureExplorer.vcxproj", "{CB2E5FE3-B554-4A00-A017-52124C25F53D}"
EndProject
Project("{2150E333-8FDC-42A3-9474-1A3956D46DE8}") = "Visualizers", "Visualizers", "{5FE9059E-88C3-4319-8595-45517D9D101F}"
	ProjectSection(SolutionItems) = preProject
		..\..\..\..\..\..\Program Files\Epic Games\UE_4.24\Engine\Extras\VisualStudioDebugging\UE4.natvis = ..\..\..\..\..\..\Program Files\Epic Games\UE_4.24\Engine\Extras\VisualStudioDebugging\UE4.natvis
	EndProjectSection
EndProject
Global
	GlobalSection(SolutionConfigurationPlatforms) = preSolution
		DebugGame Editor|IOS = DebugGame Editor|IOS
		DebugGame Editor|Win32 = DebugGame Editor|Win32
		DebugGame Editor|Win64 = DebugGame Editor|Win64
		DebugGame|IOS = DebugGame|IOS
		DebugGame|Win32 = DebugGame|Win32
		DebugGame|Win64 = DebugGame|Win64
		Development Editor|IOS = Development Editor|IOS
		Development Editor|Win32 = Development Editor|Win32
		Development Editor|Win64 = Development Editor|Win64
		Development|IOS = Development|IOS
		Development|Win32 = Development|Win32
		Development|Win64 = Development|Win64
		Shipping|IOS = Shipping|IOS
		Shipping|Win32 = Shipping|Win32
		Shipping|Win64 = Shipping|Win64
	EndGlobalSection
	GlobalSection(ProjectConfigurationPlatforms) = postSolution
		{F6CA2ADE-503E-4BB5-AC41-EF6DB8416BFD}.DebugGame Editor|IOS.ActiveCfg = BuiltWithUnrealBuildTool|Win32
		{F6CA2ADE-503E-4BB5-AC41-EF6DB8416BFD}.DebugGame Editor|Win32.ActiveCfg = BuiltWithUnrealBuildTool|Win32
		{F6CA2ADE-503E-4BB5-AC41-EF6DB8416BFD}.DebugGame Editor|Win64.ActiveCfg = BuiltWithUnrealBuildTool|Win32
		{F6CA2ADE-503E-4BB5-AC41-EF6DB8416BFD}.DebugGame|IOS.ActiveCfg = BuiltWithUnrealBuildTool|Win32
		{F6CA2ADE-503E-4BB5-AC41-EF6DB8416BFD}.DebugGame|Win32.ActiveCfg = BuiltWithUnrealBuildTool|Win32
		{F6CA2ADE-503E-4BB5-AC41-EF6DB8416BFD}.DebugGame|Win64.ActiveCfg = BuiltWithUnrealBuildTool|Win32
		{F6CA2ADE-503E-4BB5-AC41-EF6DB8416BFD}.Development Editor|IOS.ActiveCfg = BuiltWithUnrealBuildTool|Win32
		{F6CA2ADE-503E-4BB5-AC41-EF6DB8416BFD}.Development Editor|Win32.ActiveCfg = BuiltWithUnrealBuildTool|Win32
		{F6CA2ADE-503E-4BB5-AC41-EF6DB8416BFD}.Development Editor|Win64.ActiveCfg = BuiltWithUnrealBuildTool|Win32
		{F6CA2ADE-503E-4BB5-AC41-EF6DB8416BFD}.Development|IOS.ActiveCfg = BuiltWithUnrealBuildTool|Win32
		{F6CA2ADE-503E-4BB5-AC41-EF6DB8416BFD}.Development|Win32.ActiveCfg = BuiltWithUnrealBuildTool|Win32
		{F6CA2ADE-503E-4BB5-AC41-EF6DB8416BFD}.Development|Win64.ActiveCfg = BuiltWithUnrealBuildTool|Win32
		{F6CA2ADE-503E-4BB5-AC41-EF6DB8416BFD}.Shipping|IOS.ActiveCfg = BuiltWithUnrealBuildTool|Win32
		{F6CA2ADE-503E-4BB5-AC41-EF6DB8416BFD}.Shipping|Win32.ActiveCfg = BuiltWithUnrealBuildTool|Win32
		{F6CA2ADE-503E-4BB5-AC41-EF6DB8416BFD}.Shipping|Win64.ActiveCfg = BuiltWithUnrealBuildTool|Win32
		{CB2E5FE3-B554-4A00-A017-52124C25F53D}.DebugGame Editor|IOS.ActiveCfg = Invalid|Win32
		{CB2E5FE3-B554-4A00-A017-52124C25F53D}.DebugGame Editor|Win32.ActiveCfg = Invalid|Win32
		{CB2E5FE3-B554-4A00-A017-52124C25F53D}.DebugGame Editor|Win64.ActiveCfg = DebugGame_Editor|x64
		{CB2E5FE3-B554-4A00-A017-52124C25F53D}.DebugGame Editor|Win64.Build.0 = DebugGame_Editor|x64
		{CB2E5FE3-B554-4A00-A017-52124C25F53D}.DebugGame|IOS.ActiveCfg = IOS_DebugGame|Win32
		{CB2E5FE3-B554-4A00-A017-52124C25F53D}.DebugGame|IOS.Build.0 = IOS_DebugGame|Win32
		{CB2E5FE3-B554-4A00-A017-52124C25F53D}.DebugGame|Win32.ActiveCfg = DebugGame|Win32
		{CB2E5FE3-B554-4A00-A017-52124C25F53D}.DebugGame|Win32.Build.0 = DebugGame|Win32
		{CB2E5FE3-B554-4A00-A017-52124C25F53D}.DebugGame|Win64.ActiveCfg = DebugGame|x64
		{CB2E5FE3-B554-4A00-A017-52124C25F53D}.DebugGame|Win64.Build.0 = DebugGame|x64
		{CB2E5FE3-B554-4A00-A017-52124C25F53D}.Development Editor|IOS.ActiveCfg = Invalid|Win32
		{CB2E5FE3-B554-4A00-A017-52124C25F53D}.Development Editor|Win32.ActiveCfg = Invalid|Win32
		{CB2E5FE3-B554-4A00-A017-52124C25F53D}.Development Editor|Win64.ActiveCfg = Development_Editor|x64
		{CB2E5FE3-B554-4A00-A017-52124C25F53D}.Development Editor|Win64.Build.0 = Development_Editor|x64
		{CB2E5FE3-B554-4A00-A017-52124C25F53D}.Development|IOS.ActiveCfg = IOS_Development|Win32
		{CB2E5FE3-B554-4A00-A017-52124C25F53D}.Development|IOS.Build.0 = IOS_Development|Win32
		{CB2E5FE3-B554-4A00-A017-52124C25F53D}.Development|Win32.ActiveCfg = Development|Win32
		{CB2E5FE3-B554-4A00-A017-52124C25F53D}.Development|Win32.Build.0 = Development|Win32
		{CB2E5FE3-B554-4A00-A017-52124C25F53D}.Development|Win64.ActiveCfg = Development|x64
		{CB2E5FE3-B554-4A00-A017-52124C25F53D}.Development|Win64.Build.0 = Development|x64
		{CB2E5FE3-B554-4A00-A017-52124C25F53D}.Shipping|IOS.ActiveCfg = IOS_Shipping|Win32
		{CB2E5FE3-B554-4A00-A017-52124C25F53D}.Shipping|IOS.Build.0 = IOS_Shipping|Win32
		{CB2E5FE3-B554-4A00-A017-52124C25F53D}.Shipping|Win32.ActiveCfg = Shipping|Win32
		{CB2E5FE3-B554-4A00-A017-52124C25F53D}.Shipping|Win32.Build.0 = Shipping|Win32
		{CB2E5FE3-B554-4A00-A017-52124C25F53D}.Shipping|Win64.ActiveCfg = Shipping|x64
		{CB2E5FE3-B554-4A00-A017-52124C25F53D}.Shipping|Win64.Build.0 = Shipping|x64
	EndGlobalSection
	GlobalSection(SolutionProperties) = preSolution
		HideSolutionNode = FALSE
	EndGlobalSection
	GlobalSection(NestedProjects) = preSolution
		{F6CA2ADE-503E-4BB5-AC41-EF6DB8416BFD} = {A6ABE68F-BEF7-4DA4-B4F9-5ACB606704F5}
		{CB2E5FE3-B554-4A00-A017-52124C25F53D} = {6AE7E90C-AD72-4334-B0F5-89AEC5874367}
	EndGlobalSection
	GlobalSection(ExtensibilityGlobals) = postSolution
		SolutionGuid = {AB59E712-AAD8-497A-BB4C-AA382A0778D8}
	EndGlobalSection
EndGlobal
